{
  "name": "4lw",
  "lockfileVersion": 2,
  "requires": true,
  "packages": {
    "": {
      "dependencies": {
        "cmatrix-cvector": "^1.0.0"
      }
    },
    "node_modules/cmatrix-cvector": {
      "version": "1.0.0",
      "resolved": "https://registry.npmjs.org/cmatrix-cvector/-/cmatrix-cvector-1.0.0.tgz",
      "integrity": "sha512-URwSYnXtq2n5+SwmJWe1coA7v/mctDdBk9+NMTNCzPeICsE5eN8ToPCLwy33ujjgGB3cYiC1iOjKbhpBdZmWSQ=="
    }
  },
  "dependencies": {
    "cmatrix-cvector": {
      "version": "1.0.0",
      "resolved": "https://registry.npmjs.org/cmatrix-cvector/-/cmatrix-cvector-1.0.0.tgz",
      "integrity": "sha512-URwSYnXtq2n5+SwmJWe1coA7v/mctDdBk9+NMTNCzPeICsE5eN8ToPCLwy33ujjgGB3cYiC1iOjKbhpBdZmWSQ=="
    }
  }
}
