{
  "name": "7lw",
  "lockfileVersion": 2,
  "requires": true,
  "packages": {
    "": {
      "dependencies": {
        "computer-graphics-utils": "^1.0.8"
      }
    },
    "node_modules/computer-graphics-utils": {
      "version": "1.0.8",
      "resolved": "https://registry.npmjs.org/computer-graphics-utils/-/computer-graphics-utils-1.0.8.tgz",
      "integrity": "sha512-BpMhcL3XmwhYLVbfqj0F4YZRckHusaPa+UnbcevXWv9PLfH1wCzXx5wPURa/EoAkPYk5NJVhK+24LiW78p2pLg=="
    }
  },
  "dependencies": {
    "computer-graphics-utils": {
      "version": "1.0.8",
      "resolved": "https://registry.npmjs.org/computer-graphics-utils/-/computer-graphics-utils-1.0.8.tgz",
      "integrity": "sha512-BpMhcL3XmwhYLVbfqj0F4YZRckHusaPa+UnbcevXWv9PLfH1wCzXx5wPURa/EoAkPYk5NJVhK+24LiW78p2pLg=="
    }
  }
}
