{
  "name": "9lw",
  "lockfileVersion": 2,
  "requires": true,
  "packages": {
    "": {
      "dependencies": {
        "computer-graphics-utils": "^1.0.9"
      }
    },
    "node_modules/computer-graphics-utils": {
      "version": "1.0.9",
      "resolved": "https://registry.npmjs.org/computer-graphics-utils/-/computer-graphics-utils-1.0.9.tgz",
      "integrity": "sha512-OdJod5L22u62T5E1GGjG8vC/pgRUGnGR6LuntREHMaNpVz6wn1cf9lJAut9EaJj85HEO3jaBql0pCT172h7jDg=="
    }
  },
  "dependencies": {
    "computer-graphics-utils": {
      "version": "1.0.9",
      "resolved": "https://registry.npmjs.org/computer-graphics-utils/-/computer-graphics-utils-1.0.9.tgz",
      "integrity": "sha512-OdJod5L22u62T5E1GGjG8vC/pgRUGnGR6LuntREHMaNpVz6wn1cf9lJAut9EaJj85HEO3jaBql0pCT172h7jDg=="
    }
  }
}
